// !$*UTF8*$!
{
	archiveVersion = 1;
	classes = {
	};
	objectVersion = 51;
	objects = {

/* Begin PBXBuildFile section */
		B6133CCE67BB49BA82DAD3A1 /* Pods_SunriseSunset.framework in Frameworks */ = {isa = PBXBuildFile; fileRef = 400D4CB13AF07F8255DE9AEF /* Pods_SunriseSunset.framework */; };
		F04FBEBE23618E95008BE08C /* SunriseSunsetDateFormatter.swift in Sources */ = {isa = PBXBuildFile; fileRef = F04FBEBD23618E95008BE08C /* SunriseSunsetDateFormatter.swift */; };
		F04FBEC023618FA5008BE08C /* GooglePlaceModel.swift in Sources */ = {isa = PBXBuildFile; fileRef = F04FBEBF23618FA5008BE08C /* GooglePlaceModel.swift */; };
		F04FBEC22361A0FD008BE08C /* DetailViewController.swift in Sources */ = {isa = PBXBuildFile; fileRef = F04FBEC12361A0FD008BE08C /* DetailViewController.swift */; };
		F0B901EF235DC874001EF5A5 /* AppDelegate.swift in Sources */ = {isa = PBXBuildFile; fileRef = F0B901EE235DC874001EF5A5 /* AppDelegate.swift */; };
		F0B901F1235DC874001EF5A5 /* SceneDelegate.swift in Sources */ = {isa = PBXBuildFile; fileRef = F0B901F0235DC874001EF5A5 /* SceneDelegate.swift */; };
		F0B901F6235DC874001EF5A5 /* Main.storyboard in Resources */ = {isa = PBXBuildFile; fileRef = F0B901F4235DC874001EF5A5 /* Main.storyboard */; };
		F0B901F8235DC876001EF5A5 /* Assets.xcassets in Resources */ = {isa = PBXBuildFile; fileRef = F0B901F7235DC876001EF5A5 /* Assets.xcassets */; };
		F0B901FB235DC876001EF5A5 /* LaunchScreen.storyboard in Resources */ = {isa = PBXBuildFile; fileRef = F0B901F9235DC876001EF5A5 /* LaunchScreen.storyboard */; };
		F0B90204235DCA2C001EF5A5 /* SunriseSunsetInfoTableViewCell.swift in Sources */ = {isa = PBXBuildFile; fileRef = F0B90203235DCA2C001EF5A5 /* SunriseSunsetInfoTableViewCell.swift */; };
		F0B90209235DCAC5001EF5A5 /* GetSunriseSunsetInfoWithCoordinates.swift in Sources */ = {isa = PBXBuildFile; fileRef = F0B90208235DCAC5001EF5A5 /* GetSunriseSunsetInfoWithCoordinates.swift */; };
		F0B9020B235DCAE5001EF5A5 /* AbstractRequest.swift in Sources */ = {isa = PBXBuildFile; fileRef = F0B9020A235DCAE5001EF5A5 /* AbstractRequest.swift */; };
		F0B9020D235DCAFE001EF5A5 /* RequestsManager.swift in Sources */ = {isa = PBXBuildFile; fileRef = F0B9020C235DCAFE001EF5A5 /* RequestsManager.swift */; };
		F0B90210235DCC4E001EF5A5 /* SunriseSunsetModel.swift in Sources */ = {isa = PBXBuildFile; fileRef = F0B9020F235DCC4E001EF5A5 /* SunriseSunsetModel.swift */; };
		F0B90213235DCC81001EF5A5 /* ViewController.swift in Sources */ = {isa = PBXBuildFile; fileRef = F0B90212235DCC81001EF5A5 /* ViewController.swift */; };
/* End PBXBuildFile section */

/* Begin PBXFileReference section */
		400D4CB13AF07F8255DE9AEF /* Pods_SunriseSunset.framework */ = {isa = PBXFileReference; explicitFileType = wrapper.framework; includeInIndex = 0; path = Pods_SunriseSunset.framework; sourceTree = BUILT_PRODUCTS_DIR; };
		4EDD839C6DE7F9237F9712B2 /* Pods-SunriseSunset.debug.xcconfig */ = {isa = PBXFileReference; includeInIndex = 1; lastKnownFileType = text.xcconfig; name = "Pods-SunriseSunset.debug.xcconfig"; path = "Target Support Files/Pods-SunriseSunset/Pods-SunriseSunset.debug.xcconfig"; sourceTree = "<group>"; };
		BADECF666390670C8328700F /* Pods-SunriseSunset.release.xcconfig */ = {isa = PBXFileReference; includeInIndex = 1; lastKnownFileType = text.xcconfig; name = "Pods-SunriseSunset.release.xcconfig"; path = "Target Support Files/Pods-SunriseSunset/Pods-SunriseSunset.release.xcconfig"; sourceTree = "<group>"; };
		F04FBEBD23618E95008BE08C /* SunriseSunsetDateFormatter.swift */ = {isa = PBXFileReference; lastKnownFileType = sourcecode.swift; path = SunriseSunsetDateFormatter.swift; sourceTree = "<group>"; };
		F04FBEBF23618FA5008BE08C /* GooglePlaceModel.swift */ = {isa = PBXFileReference; lastKnownFileType = sourcecode.swift; path = GooglePlaceModel.swift; sourceTree = "<group>"; };
		F04FBEC12361A0FD008BE08C /* DetailViewController.swift */ = {isa = PBXFileReference; lastKnownFileType = sourcecode.swift; path = DetailViewController.swift; sourceTree = "<group>"; };
		F0B901EB235DC874001EF5A5 /* SunriseSunset.app */ = {isa = PBXFileReference; explicitFileType = wrapper.application; includeInIndex = 0; path = SunriseSunset.app; sourceTree = BUILT_PRODUCTS_DIR; };
		F0B901EE235DC874001EF5A5 /* AppDelegate.swift */ = {isa = PBXFileReference; lastKnownFileType = sourcecode.swift; path = AppDelegate.swift; sourceTree = "<group>"; };
		F0B901F0235DC874001EF5A5 /* SceneDelegate.swift */ = {isa = PBXFileReference; lastKnownFileType = sourcecode.swift; path = SceneDelegate.swift; sourceTree = "<group>"; };
		F0B901F5235DC874001EF5A5 /* Base */ = {isa = PBXFileReference; lastKnownFileType = file.storyboard; name = Base; path = Base.lproj/Main.storyboard; sourceTree = "<group>"; };
		F0B901F7235DC876001EF5A5 /* Assets.xcassets */ = {isa = PBXFileReference; lastKnownFileType = folder.assetcatalog; path = Assets.xcassets; sourceTree = "<group>"; };
		F0B901FA235DC876001EF5A5 /* Base */ = {isa = PBXFileReference; lastKnownFileType = file.storyboard; name = Base; path = Base.lproj/LaunchScreen.storyboard; sourceTree = "<group>"; };
		F0B901FC235DC876001EF5A5 /* Info.plist */ = {isa = PBXFileReference; lastKnownFileType = text.plist.xml; path = Info.plist; sourceTree = "<group>"; };
		F0B90203235DCA2C001EF5A5 /* SunriseSunsetInfoTableViewCell.swift */ = {isa = PBXFileReference; lastKnownFileType = sourcecode.swift; path = SunriseSunsetInfoTableViewCell.swift; sourceTree = "<group>"; };
		F0B90208235DCAC5001EF5A5 /* GetSunriseSunsetInfoWithCoordinates.swift */ = {isa = PBXFileReference; lastKnownFileType = sourcecode.swift; path = GetSunriseSunsetInfoWithCoordinates.swift; sourceTree = "<group>"; };
		F0B9020A235DCAE5001EF5A5 /* AbstractRequest.swift */ = {isa = PBXFileReference; lastKnownFileType = sourcecode.swift; path = AbstractRequest.swift; sourceTree = "<group>"; };
		F0B9020C235DCAFE001EF5A5 /* RequestsManager.swift */ = {isa = PBXFileReference; lastKnownFileType = sourcecode.swift; path = RequestsManager.swift; sourceTree = "<group>"; };
		F0B9020F235DCC4E001EF5A5 /* SunriseSunsetModel.swift */ = {isa = PBXFileReference; lastKnownFileType = sourcecode.swift; path = SunriseSunsetModel.swift; sourceTree = "<group>"; };
		F0B90212235DCC81001EF5A5 /* ViewController.swift */ = {isa = PBXFileReference; lastKnownFileType = sourcecode.swift; path = ViewController.swift; sourceTree = "<group>"; };
/* End PBXFileReference section */

/* Begin PBXFrameworksBuildPhase section */
		F0B901E8235DC874001EF5A5 /* Frameworks */ = {
			isa = PBXFrameworksBuildPhase;
			buildActionMask = 2147483647;
			files = (
				B6133CCE67BB49BA82DAD3A1 /* Pods_SunriseSunset.framework in Frameworks */,
			);
			runOnlyForDeploymentPostprocessing = 0;
		};
/* End PBXFrameworksBuildPhase section */

/* Begin PBXGroup section */
		B22CD58079E33802A10FABC1 /* Frameworks */ = {
			isa = PBXGroup;
			children = (
				400D4CB13AF07F8255DE9AEF /* Pods_SunriseSunset.framework */,
			);
			name = Frameworks;
			sourceTree = "<group>";
		};
		BB52A1D9DBF795BE62591A3A /* Pods */ = {
			isa = PBXGroup;
			children = (
				4EDD839C6DE7F9237F9712B2 /* Pods-SunriseSunset.debug.xcconfig */,
				BADECF666390670C8328700F /* Pods-SunriseSunset.release.xcconfig */,
			);
			path = Pods;
			sourceTree = "<group>";
		};
		F0B901E2235DC874001EF5A5 = {
			isa = PBXGroup;
			children = (
				F0B901ED235DC874001EF5A5 /* SunriseSunset */,
				F0B901EC235DC874001EF5A5 /* Products */,
				BB52A1D9DBF795BE62591A3A /* Pods */,
				B22CD58079E33802A10FABC1 /* Frameworks */,
			);
			sourceTree = "<group>";
		};
		F0B901EC235DC874001EF5A5 /* Products */ = {
			isa = PBXGroup;
			children = (
				F0B901EB235DC874001EF5A5 /* SunriseSunset.app */,
			);
			name = Products;
			sourceTree = "<group>";
		};
		F0B901ED235DC874001EF5A5 /* SunriseSunset */ = {
			isa = PBXGroup;
			children = (
				F0B90202235DC9F1001EF5A5 /* Custom Views */,
				F0B90206235DCA6D001EF5A5 /* Helpers */,
				F0B9020E235DCC1A001EF5A5 /* Models */,
				F0B90211235DCC64001EF5A5 /* ViewControllers */,
				F0B901EE235DC874001EF5A5 /* AppDelegate.swift */,
				F0B901F0235DC874001EF5A5 /* SceneDelegate.swift */,
				F0B901F4235DC874001EF5A5 /* Main.storyboard */,
				F0B901F7235DC876001EF5A5 /* Assets.xcassets */,
				F0B901F9235DC876001EF5A5 /* LaunchScreen.storyboard */,
				F0B901FC235DC876001EF5A5 /* Info.plist */,
			);
			path = SunriseSunset;
			sourceTree = "<group>";
		};
		F0B90202235DC9F1001EF5A5 /* Custom Views */ = {
			isa = PBXGroup;
			children = (
				F0B90203235DCA2C001EF5A5 /* SunriseSunsetInfoTableViewCell.swift */,
			);
			path = "Custom Views";
			sourceTree = "<group>";
		};
		F0B90206235DCA6D001EF5A5 /* Helpers */ = {
			isa = PBXGroup;
			children = (
				F0B90207235DCAA8001EF5A5 /* RequestsAndResponses */,
				F0B9020A235DCAE5001EF5A5 /* AbstractRequest.swift */,
				F0B9020C235DCAFE001EF5A5 /* RequestsManager.swift */,
				F04FBEBD23618E95008BE08C /* SunriseSunsetDateFormatter.swift */,
			);
			path = Helpers;
			sourceTree = "<group>";
		};
		F0B90207235DCAA8001EF5A5 /* RequestsAndResponses */ = {
			isa = PBXGroup;
			children = (
				F0B90208235DCAC5001EF5A5 /* GetSunriseSunsetInfoWithCoordinates.swift */,
			);
			path = RequestsAndResponses;
			sourceTree = "<group>";
		};
		F0B9020E235DCC1A001EF5A5 /* Models */ = {
			isa = PBXGroup;
			children = (
				F0B9020F235DCC4E001EF5A5 /* SunriseSunsetModel.swift */,
				F04FBEBF23618FA5008BE08C /* GooglePlaceModel.swift */,
			);
			path = Models;
			sourceTree = "<group>";
		};
		F0B90211235DCC64001EF5A5 /* ViewControllers */ = {
			isa = PBXGroup;
			children = (
				F0B90212235DCC81001EF5A5 /* ViewController.swift */,
				F04FBEC12361A0FD008BE08C /* DetailViewController.swift */,
			);
			path = ViewControllers;
			sourceTree = "<group>";
		};
/* End PBXGroup section */

/* Begin PBXNativeTarget section */
		F0B901EA235DC874001EF5A5 /* SunriseSunset */ = {
			isa = PBXNativeTarget;
			buildConfigurationList = F0B901FF235DC876001EF5A5 /* Build configuration list for PBXNativeTarget "SunriseSunset" */;
			buildPhases = (
				1C528467347EFF41A33CB203 /* [CP] Check Pods Manifest.lock */,
				F0B901E7235DC874001EF5A5 /* Sources */,
				F0B901E8235DC874001EF5A5 /* Frameworks */,
				F0B901E9235DC874001EF5A5 /* Resources */,
				259258F3E6E170594BC193EF /* [CP] Copy Pods Resources */,
			);
			buildRules = (
			);
			dependencies = (
			);
			name = SunriseSunset;
			productName = SunriseSunset;
			productReference = F0B901EB235DC874001EF5A5 /* SunriseSunset.app */;
			productType = "com.apple.product-type.application";
		};
/* End PBXNativeTarget section */

/* Begin PBXProject section */
		F0B901E3235DC874001EF5A5 /* Project object */ = {
			isa = PBXProject;
			attributes = {
				LastSwiftUpdateCheck = 1100;
				LastUpgradeCheck = 1100;
				ORGANIZATIONNAME = VitalikKovalyshyn;
				TargetAttributes = {
					F0B901EA235DC874001EF5A5 = {
						CreatedOnToolsVersion = 11.0;
					};
				};
			};
			buildConfigurationList = F0B901E6235DC874001EF5A5 /* Build configuration list for PBXProject "SunriseSunset" */;
			compatibilityVersion = "Xcode 9.3";
			developmentRegion = en;
			hasScannedForEncodings = 0;
			knownRegions = (
				en,
				Base,
			);
			mainGroup = F0B901E2235DC874001EF5A5;
			productRefGroup = F0B901EC235DC874001EF5A5 /* Products */;
			projectDirPath = "";
			projectRoot = "";
			targets = (
				F0B901EA235DC874001EF5A5 /* SunriseSunset */,
			);
		};
/* End PBXProject section */

/* Begin PBXResourcesBuildPhase section */
		F0B901E9235DC874001EF5A5 /* Resources */ = {
			isa = PBXResourcesBuildPhase;
			buildActionMask = 2147483647;
			files = (
				F0B901FB235DC876001EF5A5 /* LaunchScreen.storyboard in Resources */,
				F0B901F8235DC876001EF5A5 /* Assets.xcassets in Resources */,
				F0B901F6235DC874001EF5A5 /* Main.storyboard in Resources */,
			);
			runOnlyForDeploymentPostprocessing = 0;
		};
/* End PBXResourcesBuildPhase section */

/* Begin PBXShellScriptBuildPhase section */
		1C528467347EFF41A33CB203 /* [CP] Check Pods Manifest.lock */ = {
			isa = PBXShellScriptBuildPhase;
			buildActionMask = 2147483647;
			files = (
			);
			inputFileListPaths = (
			);
			inputPaths = (
				"${PODS_PODFILE_DIR_PATH}/Podfile.lock",
				"${PODS_ROOT}/Manifest.lock",
			);
			name = "[CP] Check Pods Manifest.lock";
			outputFileListPaths = (
			);
			outputPaths = (
				"$(DERIVED_FILE_DIR)/Pods-SunriseSunset-checkManifestLockResult.txt",
			);
			runOnlyForDeploymentPostprocessing = 0;
			shellPath = /bin/sh;
			shellScript = "diff \"${PODS_PODFILE_DIR_PATH}/Podfile.lock\" \"${PODS_ROOT}/Manifest.lock\" > /dev/null\nif [ $? != 0 ] ; then\n    # print error to STDERR\n    echo \"error: The sandbox is not in sync with the Podfile.lock. Run 'pod install' or update your CocoaPods installation.\" >&2\n    exit 1\nfi\n# This output is used by Xcode 'outputs' to avoid re-running this script phase.\necho \"SUCCESS\" > \"${SCRIPT_OUTPUT_FILE_0}\"\n";
			showEnvVarsInLog = 0;
		};
		259258F3E6E170594BC193EF /* [CP] Copy Pods Resources */ = {
			isa = PBXShellScriptBuildPhase;
			buildActionMask = 2147483647;
			files = (
			);
			inputFileListPaths = (
				"${PODS_ROOT}/Target Support Files/Pods-SunriseSunset/Pods-SunriseSunset-resources-${CONFIGURATION}-input-files.xcfilelist",
			);
			name = "[CP] Copy Pods Resources";
			outputFileListPaths = (
				"${PODS_ROOT}/Target Support Files/Pods-SunriseSunset/Pods-SunriseSunset-resources-${CONFIGURATION}-output-files.xcfilelist",
			);
			runOnlyForDeploymentPostprocessing = 0;
			shellPath = /bin/sh;
			shellScript = "\"${PODS_ROOT}/Target Support Files/Pods-SunriseSunset/Pods-SunriseSunset-resources.sh\"\n";
			showEnvVarsInLog = 0;
		};
/* End PBXShellScriptBuildPhase section */

/* Begin PBXSourcesBuildPhase section */
		F0B901E7235DC874001EF5A5 /* Sources */ = {
			isa = PBXSourcesBuildPhase;
			buildActionMask = 2147483647;
			files = (
				F04FBEC22361A0FD008BE08C /* DetailViewController.swift in Sources */,
				F04FBEC023618FA5008BE08C /* GooglePlaceModel.swift in Sources */,
				F0B9020B235DCAE5001EF5A5 /* AbstractRequest.swift in Sources */,
				F0B90204235DCA2C001EF5A5 /* SunriseSunsetInfoTableViewCell.swift in Sources */,
				F0B90213235DCC81001EF5A5 /* ViewController.swift in Sources */,
				F0B90209235DCAC5001EF5A5 /* GetSunriseSunsetInfoWithCoordinates.swift in Sources */,
				F0B9020D235DCAFE001EF5A5 /* RequestsManager.swift in Sources */,
				F0B901EF235DC874001EF5A5 /* AppDelegate.swift in Sources */,
				F0B901F1235DC874001EF5A5 /* SceneDelegate.swift in Sources */,
				F04FBEBE23618E95008BE08C /* SunriseSunsetDateFormatter.swift in Sources */,
				F0B90210235DCC4E001EF5A5 /* SunriseSunsetModel.swift in Sources */,
			);
			runOnlyForDeploymentPostprocessing = 0;
		};
/* End PBXSourcesBuildPhase section */

/* Begin PBXVariantGroup section */
		F0B901F4235DC874001EF5A5 /* Main.storyboard */ = {
			isa = PBXVariantGroup;
			children = (
				F0B901F5235DC874001EF5A5 /* Base */,
			);
			name = Main.storyboard;
			sourceTree = "<group>";
		};
		F0B901F9235DC876001EF5A5 /* LaunchScreen.storyboard */ = {
			isa = PBXVariantGroup;
			children = (
				F0B901FA235DC876001EF5A5 /* Base */,
			);
			name = LaunchScreen.storyboard;
			sourceTree = "<group>";
		};
/* End PBXVariantGroup section */

/* Begin XCBuildConfiguration section */
		F0B901FD235DC876001EF5A5 /* Debug */ = {
			isa = XCBuildConfiguration;
			buildSettings = {
				ALWAYS_SEARCH_USER_PATHS = NO;
				CLANG_ANALYZER_NONNULL = YES;
				CLANG_ANALYZER_NUMBER_OBJECT_CONVERSION = YES_AGGRESSIVE;
				CLANG_CXX_LANGUAGE_STANDARD = "gnu++14";
				CLANG_CXX_LIBRARY = "libc++";
				CLANG_ENABLE_MODULES = YES;
				CLANG_ENABLE_OBJC_ARC = YES;
				CLANG_ENABLE_OBJC_WEAK = YES;
				CLANG_WARN_BLOCK_CAPTURE_AUTORELEASING = YES;
				CLANG_WARN_BOOL_CONVERSION = YES;
				CLANG_WARN_COMMA = YES;
				CLANG_WARN_CONSTANT_CONVERSION = YES;
				CLANG_WARN_DEPRECATED_OBJC_IMPLEMENTATIONS = YES;
				CLANG_WARN_DIRECT_OBJC_ISA_USAGE = YES_ERROR;
				CLANG_WARN_DOCUMENTATION_COMMENTS = YES;
				CLANG_WARN_EMPTY_BODY = YES;
				CLANG_WARN_ENUM_CONVERSION = YES;
				CLANG_WARN_INFINITE_RECURSION = YES;
				CLANG_WARN_INT_CONVERSION = YES;
				CLANG_WARN_NON_LITERAL_NULL_CONVERSION = YES;
				CLANG_WARN_OBJC_IMPLICIT_RETAIN_SELF = YES;
				CLANG_WARN_OBJC_LITERAL_CONVERSION = YES;
				CLANG_WARN_OBJC_ROOT_CLASS = YES_ERROR;
				CLANG_WARN_RANGE_LOOP_ANALYSIS = YES;
				CLANG_WARN_STRICT_PROTOTYPES = YES;
				CLANG_WARN_SUSPICIOUS_MOVE = YES;
				CLANG_WARN_UNGUARDED_AVAILABILITY = YES_AGGRESSIVE;
				CLANG_WARN_UNREACHABLE_CODE = YES;
				CLANG_WARN__DUPLICATE_METHOD_MATCH = YES;
				COPY_PHASE_STRIP = NO;
				DEBUG_INFORMATION_FORMAT = dwarf;
				ENABLE_STRICT_OBJC_MSGSEND = YES;
				ENABLE_TESTABILITY = YES;
				GCC_C_LANGUAGE_STANDARD = gnu11;
				GCC_DYNAMIC_NO_PIC = NO;
				GCC_NO_COMMON_BLOCKS = YES;
				GCC_OPTIMIZATION_LEVEL = 0;
				GCC_PREPROCESSOR_DEFINITIONS = (
					"DEBUG=1",
					"$(inherited)",
				);
				GCC_WARN_64_TO_32_BIT_CONVERSION = YES;
				GCC_WARN_ABOUT_RETURN_TYPE = YES_ERROR;
				GCC_WARN_UNDECLARED_SELECTOR = YES;
				GCC_WARN_UNINITIALIZED_AUTOS = YES_AGGRESSIVE;
				GCC_WARN_UNUSED_FUNCTION = YES;
				GCC_WARN_UNUSED_VARIABLE = YES;
				IPHONEOS_DEPLOYMENT_TARGET = 13.0;
				MTL_ENABLE_DEBUG_INFO = INCLUDE_SOURCE;
				MTL_FAST_MATH = YES;
				ONLY_ACTIVE_ARCH = YES;
				SDKROOT = iphoneos;
				SWIFT_ACTIVE_COMPILATION_CONDITIONS = DEBUG;
				SWIFT_OPTIMIZATION_LEVEL = "-Onone";
			};
			name = Debug;
		};
		F0B901FE235DC876001EF5A5 /* Release */ = {
			isa = XCBuildConfiguration;
			buildSettings = {
				ALWAYS_SEARCH_USER_PATHS = NO;
				CLANG_ANALYZER_NONNULL = YES;
				CLANG_ANALYZER_NUMBER_OBJECT_CONVERSION = YES_AGGRESSIVE;
				CLANG_CXX_LANGUAGE_STANDARD = "gnu++14";
				CLANG_CXX_LIBRARY = "libc++";
				CLANG_ENABLE_MODULES = YES;
				CLANG_ENABLE_OBJC_ARC = YES;
				CLANG_ENABLE_OBJC_WEAK = YES;
				CLANG_WARN_BLOCK_CAPTURE_AUTORELEASING = YES;
				CLANG_WARN_BOOL_CONVERSION = YES;
				CLANG_WARN_COMMA = YES;
				CLANG_WARN_CONSTANT_CONVERSION = YES;
				CLANG_WARN_DEPRECATED_OBJC_IMPLEMENTATIONS = YES;
				CLANG_WARN_DIRECT_OBJC_ISA_USAGE = YES_ERROR;
				CLANG_WARN_DOCUMENTATION_COMMENTS = YES;
				CLANG_WARN_EMPTY_BODY = YES;
				CLANG_WARN_ENUM_CONVERSION = YES;
				CLANG_WARN_INFINITE_RECURSION = YES;
				CLANG_WARN_INT_CONVERSION = YES;
				CLANG_WARN_NON_LITERAL_NULL_CONVERSION = YES;
				CLANG_WARN_OBJC_IMPLICIT_RETAIN_SELF = YES;
				CLANG_WARN_OBJC_LITERAL_CONVERSION = YES;
				CLANG_WARN_OBJC_ROOT_CLASS = YES_ERROR;
				CLANG_WARN_RANGE_LOOP_ANALYSIS = YES;
				CLANG_WARN_STRICT_PROTOTYPES = YES;
				CLANG_WARN_SUSPICIOUS_MOVE = YES;
				CLANG_WARN_UNGUARDED_AVAILABILITY = YES_AGGRESSIVE;
				CLANG_WARN_UNREACHABLE_CODE = YES;
				CLANG_WARN__DUPLICATE_METHOD_MATCH = YES;
				COPY_PHASE_STRIP = NO;
				DEBUG_INFORMATION_FORMAT = "dwarf-with-dsym";
				ENABLE_NS_ASSERTIONS = NO;
				ENABLE_STRICT_OBJC_MSGSEND = YES;
				GCC_C_LANGUAGE_STANDARD = gnu11;
				GCC_NO_COMMON_BLOCKS = YES;
				GCC_WARN_64_TO_32_BIT_CONVERSION = YES;
				GCC_WARN_ABOUT_RETURN_TYPE = YES_ERROR;
				GCC_WARN_UNDECLARED_SELECTOR = YES;
				GCC_WARN_UNINITIALIZED_AUTOS = YES_AGGRESSIVE;
				GCC_WARN_UNUSED_FUNCTION = YES;
				GCC_WARN_UNUSED_VARIABLE = YES;
				IPHONEOS_DEPLOYMENT_TARGET = 13.0;
				MTL_ENABLE_DEBUG_INFO = NO;
				MTL_FAST_MATH = YES;
				SDKROOT = iphoneos;
				SWIFT_COMPILATION_MODE = wholemodule;
				SWIFT_OPTIMIZATION_LEVEL = "-O";
				VALIDATE_PRODUCT = YES;
			};
			name = Release;
		};
		F0B90200235DC876001EF5A5 /* Debug */ = {
			isa = XCBuildConfiguration;
			baseConfigurationReference = 4EDD839C6DE7F9237F9712B2 /* Pods-SunriseSunset.debug.xcconfig */;
			buildSettings = {
				ASSETCATALOG_COMPILER_APPICON_NAME = AppIcon;
				CODE_SIGN_STYLE = Automatic;
				DEVELOPMENT_TEAM = HU7XP8Z9N3;
				INFOPLIST_FILE = SunriseSunset/Info.plist;
				LD_RUNPATH_SEARCH_PATHS = (
					"$(inherited)",
					"@executable_path/Frameworks",
				);
				PRODUCT_BUNDLE_IDENTIFIER = com.example.SunriseSunset;
				PRODUCT_NAME = "$(TARGET_NAME)";
				SWIFT_VERSION = 5.0;
				TARGETED_DEVICE_FAMILY = "1,2";
			};
			name = Debug;
		};
		F0B90201235DC876001EF5A5 /* Release */ = {
			isa = XCBuildConfiguration;
			baseConfigurationReference = BADECF666390670C8328700F /* Pods-SunriseSunset.release.xcconfig */;
			buildSettings = {
				ASSETCATALOG_COMPILER_APPICON_NAME = AppIcon;
				CODE_SIGN_STYLE = Automatic;
				DEVELOPMENT_TEAM = HU7XP8Z9N3;
				INFOPLIST_FILE = SunriseSunset/Info.plist;
				LD_RUNPATH_SEARCH_PATHS = (
					"$(inherited)",
					"@executable_path/Frameworks",
				);
				PRODUCT_BUNDLE_IDENTIFIER = com.example.SunriseSunset;
				PRODUCT_NAME = "$(TARGET_NAME)";
				SWIFT_VERSION = 5.0;
				TARGETED_DEVICE_FAMILY = "1,2";
			};
			name = Release;
		};
/* End XCBuildConfiguration section */

/* Begin XCConfigurationList section */
		F0B901E6235DC874001EF5A5 /* Build configuration list for PBXProject "SunriseSunset" */ = {
			isa = XCConfigurationList;
			buildConfigurations = (
				F0B901FD235DC876001EF5A5 /* Debug */,
				F0B901FE235DC876001EF5A5 /* Release */,
			);
			defaultConfigurationIsVisible = 0;
			defaultConfigurationName = Release;
		};
		F0B901FF235DC876001EF5A5 /* Build configuration list for PBXNativeTarget "SunriseSunset" */ = {
			isa = XCConfigurationList;
			buildConfigurations = (
				F0B90200235DC876001EF5A5 /* Debug */,
				F0B90201235DC876001EF5A5 /* Release */,
			);
			defaultConfigurationIsVisible = 0;
			defaultConfigurationName = Release;
		};
/* End XCConfigurationList section */
	};
	rootObject = F0B901E3235DC874001EF5A5 /* Project object */;
}
